
Microsoft Visual Studio Solution File, Format Version 12.00
# Visual Studio Version 17
VisualStudioVersion = 17.0.31903.59
MinimumVisualStudioVersion = 10.0.40219.1
Project("{2150E333-8FDC-42A3-9474-1A3956D46DE8}") = "src", "src", "{827E0CD3-B72D-47B6-A68D-7590B98EB39B}"
EndProject
Project("{FAE04EC0-301F-11D3-BF4B-00C04F79EFBC}") = "SavedMind.Domain", "src\SavedMind.Domain\SavedMind.Domain.csproj", "{AA7CA43A-946D-44DD-9F1F-2E16CDEA4F1E}"
EndProject
Project("{FAE04EC0-301F-11D3-BF4B-00C04F79EFBC}") = "SavedMind.Application", "src\SavedMind.Application\SavedMind.Application.csproj", "{61F45A91-E8D0-428F-A381-E063A53E5A37}"
EndProject
Project("{FAE04EC0-301F-11D3-BF4B-00C04F79EFBC}") = "SavedMind.Infrastructure", "src\SavedMind.Infrastructure\SavedMind.Infrastructure.csproj", "{19B52C95-18AB-45A8-875F-8B7B00E38C31}"
EndProject
Project("{FAE04EC0-301F-11D3-BF4B-00C04F79EFBC}") = "SavedMind.Api", "src\SavedMind.Api\SavedMind.Api.csproj", "{E435B168-5B5D-4B84-A827-043346F909D6}"
EndProject
Project("{2150E333-8FDC-42A3-9474-1A3956D46DE8}") = "tests", "tests", "{0AB3BF05-4346-4AA6-1389-037BE0695223}"
EndProject
Project("{FAE04EC0-301F-11D3-BF4B-00C04F79EFBC}") = "SavedMind.Api.Tests", "tests\SavedMind.Api.Tests\SavedMind.Api.Tests.csproj", "{7F9AA25F-CE11-4033-9A76-FEC23B306A93}"
EndProject
Project("{FAE04EC0-301F-11D3-BF4B-00C04F79EFBC}") = "SavedMind.Application.Tests", "tests\SavedMind.Application.Tests\SavedMind.Application.Tests.csproj", "{FE22695D-4315-43D2-9BA8-39EBE2D8361A}"
EndProject
Global
	GlobalSection(SolutionConfigurationPlatforms) = preSolution
		Debug|Any CPU = Debug|Any CPU
		Debug|x64 = Debug|x64
		Debug|x86 = Debug|x86
		Release|Any CPU = Release|Any CPU
		Release|x64 = Release|x64
		Release|x86 = Release|x86
	EndGlobalSection
	GlobalSection(ProjectConfigurationPlatforms) = postSolution
		{AA7CA43A-946D-44DD-9F1F-2E16CDEA4F1E}.Debug|Any CPU.ActiveCfg = Debug|Any CPU
		{AA7CA43A-946D-44DD-9F1F-2E16CDEA4F1E}.Debug|Any CPU.Build.0 = Debug|Any CPU
		{AA7CA43A-946D-44DD-9F1F-2E16CDEA4F1E}.Debug|x64.ActiveCfg = Debug|Any CPU
		{AA7CA43A-946D-44DD-9F1F-2E16CDEA4F1E}.Debug|x64.Build.0 = Debug|Any CPU
		{AA7CA43A-946D-44DD-9F1F-2E16CDEA4F1E}.Debug|x86.ActiveCfg = Debug|Any CPU
		{AA7CA43A-946D-44DD-9F1F-2E16CDEA4F1E}.Debug|x86.Build.0 = Debug|Any CPU
		{AA7CA43A-946D-44DD-9F1F-2E16CDEA4F1E}.Release|Any CPU.ActiveCfg = Release|Any CPU
		{AA7CA43A-946D-44DD-9F1F-2E16CDEA4F1E}.Release|Any CPU.Build.0 = Release|Any CPU
		{AA7CA43A-946D-44DD-9F1F-2E16CDEA4F1E}.Release|x64.ActiveCfg = Release|Any CPU
		{AA7CA43A-946D-44DD-9F1F-2E16CDEA4F1E}.Release|x64.Build.0 = Release|Any CPU
		{AA7CA43A-946D-44DD-9F1F-2E16CDEA4F1E}.Release|x86.ActiveCfg = Release|Any CPU
		{AA7CA43A-946D-44DD-9F1F-2E16CDEA4F1E}.Release|x86.Build.0 = Release|Any CPU
		{61F45A91-E8D0-428F-A381-E063A53E5A37}.Debug|Any CPU.ActiveCfg = Debug|Any CPU
		{61F45A91-E8D0-428F-A381-E063A53E5A37}.Debug|Any CPU.Build.0 = Debug|Any CPU
		{61F45A91-E8D0-428F-A381-E063A53E5A37}.Debug|x64.ActiveCfg = Debug|Any CPU
		{61F45A91-E8D0-428F-A381-E063A53E5A37}.Debug|x64.Build.0 = Debug|Any CPU
		{61F45A91-E8D0-428F-A381-E063A53E5A37}.Debug|x86.ActiveCfg = Debug|Any CPU
		{61F45A91-E8D0-428F-A381-E063A53E5A37}.Debug|x86.Build.0 = Debug|Any CPU
		{61F45A91-E8D0-428F-A381-E063A53E5A37}.Release|Any CPU.ActiveCfg = Release|Any CPU
		{61F45A91-E8D0-428F-A381-E063A53E5A37}.Release|Any CPU.Build.0 = Release|Any CPU
		{61F45A91-E8D0-428F-A381-E063A53E5A37}.Release|x64.ActiveCfg = Release|Any CPU
		{61F45A91-E8D0-428F-A381-E063A53E5A37}.Release|x64.Build.0 = Release|Any CPU
		{61F45A91-E8D0-428F-A381-E063A53E5A37}.Release|x86.ActiveCfg = Release|Any CPU
		{61F45A91-E8D0-428F-A381-E063A53E5A37}.Release|x86.Build.0 = Release|Any CPU
		{19B52C95-18AB-45A8-875F-8B7B00E38C31}.Debug|Any CPU.ActiveCfg = Debug|Any CPU
		{19B52C95-18AB-45A8-875F-8B7B00E38C31}.Debug|Any CPU.Build.0 = Debug|Any CPU
		{19B52C95-18AB-45A8-875F-8B7B00E38C31}.Debug|x64.ActiveCfg = Debug|Any CPU
		{19B52C95-18AB-45A8-875F-8B7B00E38C31}.Debug|x64.Build.0 = Debug|Any CPU
		{19B52C95-18AB-45A8-875F-8B7B00E38C31}.Debug|x86.ActiveCfg = Debug|Any CPU
		{19B52C95-18AB-45A8-875F-8B7B00E38C31}.Debug|x86.Build.0 = Debug|Any CPU
		{19B52C95-18AB-45A8-875F-8B7B00E38C31}.Release|Any CPU.ActiveCfg = Release|Any CPU
		{19B52C95-18AB-45A8-875F-8B7B00E38C31}.Release|Any CPU.Build.0 = Release|Any CPU
		{19B52C95-18AB-45A8-875F-8B7B00E38C31}.Release|x64.ActiveCfg = Release|Any CPU
		{19B52C95-18AB-45A8-875F-8B7B00E38C31}.Release|x64.Build.0 = Release|Any CPU
		{19B52C95-18AB-45A8-875F-8B7B00E38C31}.Release|x86.ActiveCfg = Release|Any CPU
		{19B52C95-18AB-45A8-875F-8B7B00E38C31}.Release|x86.Build.0 = Release|Any CPU
		{E435B168-5B5D-4B84-A827-043346F909D6}.Debug|Any CPU.ActiveCfg = Debug|Any CPU
		{E435B168-5B5D-4B84-A827-043346F909D6}.Debug|Any CPU.Build.0 = Debug|Any CPU
		{E435B168-5B5D-4B84-A827-043346F909D6}.Debug|x64.ActiveCfg = Debug|Any CPU
		{E435B168-5B5D-4B84-A827-043346F909D6}.Debug|x64.Build.0 = Debug|Any CPU
		{E435B168-5B5D-4B84-A827-043346F909D6}.Debug|x86.ActiveCfg = Debug|Any CPU
		{E435B168-5B5D-4B84-A827-043346F909D6}.Debug|x86.Build.0 = Debug|Any CPU
		{E435B168-5B5D-4B84-A827-043346F909D6}.Release|Any CPU.ActiveCfg = Release|Any CPU
		{E435B168-5B5D-4B84-A827-043346F909D6}.Release|Any CPU.Build.0 = Release|Any CPU
		{E435B168-5B5D-4B84-A827-043346F909D6}.Release|x64.ActiveCfg = Release|Any CPU
		{E435B168-5B5D-4B84-A827-043346F909D6}.Release|x64.Build.0 = Release|Any CPU
		{E435B168-5B5D-4B84-A827-043346F909D6}.Release|x86.ActiveCfg = Release|Any CPU
		{E435B168-5B5D-4B84-A827-043346F909D6}.Release|x86.Build.0 = Release|Any CPU
		{7F9AA25F-CE11-4033-9A76-FEC23B306A93}.Debug|Any CPU.ActiveCfg = Debug|Any CPU
		{7F9AA25F-CE11-4033-9A76-FEC23B306A93}.Debug|Any CPU.Build.0 = Debug|Any CPU
		{7F9AA25F-CE11-4033-9A76-FEC23B306A93}.Debug|x64.ActiveCfg = Debug|Any CPU
		{7F9AA25F-CE11-4033-9A76-FEC23B306A93}.Debug|x64.Build.0 = Debug|Any CPU
		{7F9AA25F-CE11-4033-9A76-FEC23B306A93}.Debug|x86.ActiveCfg = Debug|Any CPU
		{7F9AA25F-CE11-4033-9A76-FEC23B306A93}.Debug|x86.Build.0 = Debug|Any CPU
		{7F9AA25F-CE11-4033-9A76-FEC23B306A93}.Release|Any CPU.ActiveCfg = Release|Any CPU
		{7F9AA25F-CE11-4033-9A76-FEC23B306A93}.Release|Any CPU.Build.0 = Release|Any CPU
		{7F9AA25F-CE11-4033-9A76-FEC23B306A93}.Release|x64.ActiveCfg = Release|Any CPU
		{7F9AA25F-CE11-4033-9A76-FEC23B306A93}.Release|x64.Build.0 = Release|Any CPU
		{7F9AA25F-CE11-4033-9A76-FEC23B306A93}.Release|x86.ActiveCfg = Release|Any CPU
		{7F9AA25F-CE11-4033-9A76-FEC23B306A93}.Release|x86.Build.0 = Release|Any CPU
		{FE22695D-4315-43D2-9BA8-39EBE2D8361A}.Debug|Any CPU.ActiveCfg = Debug|Any CPU
		{FE22695D-4315-43D2-9BA8-39EBE2D8361A}.Debug|Any CPU.Build.0 = Debug|Any CPU
		{FE22695D-4315-43D2-9BA8-39EBE2D8361A}.Debug|x64.ActiveCfg = Debug|Any CPU
		{FE22695D-4315-43D2-9BA8-39EBE2D8361A}.Debug|x64.Build.0 = Debug|Any CPU
		{FE22695D-4315-43D2-9BA8-39EBE2D8361A}.Debug|x86.ActiveCfg = Debug|Any CPU
		{FE22695D-4315-43D2-9BA8-39EBE2D8361A}.Debug|x86.Build.0 = Debug|Any CPU
		{FE22695D-4315-43D2-9BA8-39EBE2D8361A}.Release|Any CPU.ActiveCfg = Release|Any CPU
		{FE22695D-4315-43D2-9BA8-39EBE2D8361A}.Release|Any CPU.Build.0 = Release|Any CPU
		{FE22695D-4315-43D2-9BA8-39EBE2D8361A}.Release|x64.ActiveCfg = Release|Any CPU
		{FE22695D-4315-43D2-9BA8-39EBE2D8361A}.Release|x64.Build.0 = Release|Any CPU
		{FE22695D-4315-43D2-9BA8-39EBE2D8361A}.Release|x86.ActiveCfg = Release|Any CPU
		{FE22695D-4315-43D2-9BA8-39EBE2D8361A}.Release|x86.Build.0 = Release|Any CPU
	EndGlobalSection
	GlobalSection(SolutionProperties) = preSolution
		HideSolutionNode = FALSE
	EndGlobalSection
	GlobalSection(NestedProjects) = preSolution
		{AA7CA43A-946D-44DD-9F1F-2E16CDEA4F1E} = {827E0CD3-B72D-47B6-A68D-7590B98EB39B}
		{61F45A91-E8D0-428F-A381-E063A53E5A37} = {827E0CD3-B72D-47B6-A68D-7590B98EB39B}
		{19B52C95-18AB-45A8-875F-8B7B00E38C31} = {827E0CD3-B72D-47B6-A68D-7590B98EB39B}
		{E435B168-5B5D-4B84-A827-043346F909D6} = {827E0CD3-B72D-47B6-A68D-7590B98EB39B}
		{7F9AA25F-CE11-4033-9A76-FEC23B306A93} = {0AB3BF05-4346-4AA6-1389-037BE0695223}
		{FE22695D-4315-43D2-9BA8-39EBE2D8361A} = {0AB3BF05-4346-4AA6-1389-037BE0695223}
	EndGlobalSection
EndGlobal
